
Microsoft Visual Studio Solution File, Format Version 12.00
# Visual Studio Version 17
VisualStudioVersion = 17.1.32421.90
MinimumVisualStudioVersion = 10.0.40219.1
Project("{FAE04EC0-301F-11D3-BF4B-00C04F79EFBC}") = "Test_Mindbox_Library", "Test_Mindbox_Library.csproj", "{E0580CCF-B337-4601-BD16-E1E2D7C9F488}"
EndProject
Project("{FAE04EC0-301F-11D3-BF4B-00C04F79EFBC}") = "Test_Mindbox", "..\Test_Mindbox\Test_Mindbox.csproj", "{25203A5A-A033-429E-9EA9-381B81A0BE56}"
EndProject
Global
	GlobalSection(SolutionConfigurationPlatforms) = preSolution
		Debug|Any CPU = Debug|Any CPU
		Release|Any CPU = Release|Any CPU
	EndGlobalSection
	GlobalSection(ProjectConfigurationPlatforms) = postSolution
		{E0580CCF-B337-4601-BD16-E1E2D7C9F488}.Debug|Any CPU.ActiveCfg = Debug|Any CPU
		{E0580CCF-B337-4601-BD16-E1E2D7C9F488}.Debug|Any CPU.Build.0 = Debug|Any CPU
		{E0580CCF-B337-4601-BD16-E1E2D7C9F488}.Release|Any CPU.ActiveCfg = Release|Any CPU
		{E0580CCF-B337-4601-BD16-E1E2D7C9F488}.Release|Any CPU.Build.0 = Release|Any CPU
		{25203A5A-A033-429E-9EA9-381B81A0BE56}.Debug|Any CPU.ActiveCfg = Debug|Any CPU
		{25203A5A-A033-429E-9EA9-381B81A0BE56}.Debug|Any CPU.Build.0 = Debug|Any CPU
		{25203A5A-A033-429E-9EA9-381B81A0BE56}.Release|Any CPU.ActiveCfg = Release|Any CPU
		{25203A5A-A033-429E-9EA9-381B81A0BE56}.Release|Any CPU.Build.0 = Release|Any CPU
	EndGlobalSection
	GlobalSection(SolutionProperties) = preSolution
		HideSolutionNode = FALSE
	EndGlobalSection
	GlobalSection(ExtensibilityGlobals) = postSolution
		SolutionGuid = {FCC0ECD8-50E3-4872-9BBD-E415573A4DDD}
	EndGlobalSection
EndGlobal
